// !$*UTF8*$!
{
	archiveVersion = 1;
	classes = {
	};
	objectVersion = 50;
	objects = {

/* Begin PBXBuildFile section */
		452BC61B2348885000F8307F /* CategoryModel.swift in Sources */ = {isa = PBXBuildFile; fileRef = 452BC6152348885000F8307F /* CategoryModel.swift */; };
		452BC61D2348885000F8307F /* ProfileImageModel.swift in Sources */ = {isa = PBXBuildFile; fileRef = 452BC6172348885000F8307F /* ProfileImageModel.swift */; };
		452BC61E2348885000F8307F /* User.swift in Sources */ = {isa = PBXBuildFile; fileRef = 452BC6182348885000F8307F /* User.swift */; };
		452BC61F2348885000F8307F /* UrlModel.swift in Sources */ = {isa = PBXBuildFile; fileRef = 452BC6192348885000F8307F /* UrlModel.swift */; };
		452BC6202348885000F8307F /* LinkModel.swift in Sources */ = {isa = PBXBuildFile; fileRef = 452BC61A2348885000F8307F /* LinkModel.swift */; };
		452BC6222348899600F8307F /* PinModel.swift in Sources */ = {isa = PBXBuildFile; fileRef = 452BC6212348899600F8307F /* PinModel.swift */; };
		452BC62523488DD600F8307F /* BaseViewController.swift in Sources */ = {isa = PBXBuildFile; fileRef = 452BC62423488DD600F8307F /* BaseViewController.swift */; };
		452BC62A23488E4200F8307F /* LoadingView.xib in Resources */ = {isa = PBXBuildFile; fileRef = 452BC62823488E4200F8307F /* LoadingView.xib */; };
		452BC62B23488E4200F8307F /* LoadingView.swift in Sources */ = {isa = PBXBuildFile; fileRef = 452BC62923488E4200F8307F /* LoadingView.swift */; };
		452BC63123488E7A00F8307F /* StoryboardLoadable.swift in Sources */ = {isa = PBXBuildFile; fileRef = 452BC62E23488E7A00F8307F /* StoryboardLoadable.swift */; };
		452BC63223488E7A00F8307F /* Instantiatable.swift in Sources */ = {isa = PBXBuildFile; fileRef = 452BC62F23488E7A00F8307F /* Instantiatable.swift */; };
		452BC63323488E7A00F8307F /* NibLoadable.swift in Sources */ = {isa = PBXBuildFile; fileRef = 452BC63023488E7A00F8307F /* NibLoadable.swift */; };
		452BC63C23488F4800F8307F /* Alert.swift in Sources */ = {isa = PBXBuildFile; fileRef = 452BC63623488F4800F8307F /* Alert.swift */; };
		452BC63D23488F4800F8307F /* Helpers.swift in Sources */ = {isa = PBXBuildFile; fileRef = 452BC63723488F4800F8307F /* Helpers.swift */; };
		452BC63E23488F4800F8307F /* NSObjectExtension.swift in Sources */ = {isa = PBXBuildFile; fileRef = 452BC63923488F4800F8307F /* NSObjectExtension.swift */; };
		452BC63F23488F4800F8307F /* Constant.swift in Sources */ = {isa = PBXBuildFile; fileRef = 452BC63B23488F4800F8307F /* Constant.swift */; };
		452BC6432348992F00F8307F /* UIView+Extensions.swift in Sources */ = {isa = PBXBuildFile; fileRef = 452BC6422348992F00F8307F /* UIView+Extensions.swift */; };
		452BC6452348993F00F8307F /* UICollection+ReuseIdentifier.swift in Sources */ = {isa = PBXBuildFile; fileRef = 452BC6442348993F00F8307F /* UICollection+ReuseIdentifier.swift */; };
		452BC6472348996100F8307F /* UIImageView+ImageLoader.swift in Sources */ = {isa = PBXBuildFile; fileRef = 452BC6462348996100F8307F /* UIImageView+ImageLoader.swift */; };
		452BC64C23489CD000F8307F /* PinDashboardVC.swift in Sources */ = {isa = PBXBuildFile; fileRef = 452BC64B23489CD000F8307F /* PinDashboardVC.swift */; };
		452BC64E23489CDC00F8307F /* PinDashboard.storyboard in Resources */ = {isa = PBXBuildFile; fileRef = 452BC64D23489CDC00F8307F /* PinDashboard.storyboard */; };
		459362642349021100BEC986 /* NetworkManager.swift in Sources */ = {isa = PBXBuildFile; fileRef = 459362632349021100BEC986 /* NetworkManager.swift */; };
		45936266234903A800BEC986 /* PinDashboardViewModel.swift in Sources */ = {isa = PBXBuildFile; fileRef = 45936265234903A800BEC986 /* PinDashboardViewModel.swift */; };
		459362692349051000BEC986 /* NetworkError.swift in Sources */ = {isa = PBXBuildFile; fileRef = 459362682349051000BEC986 /* NetworkError.swift */; };
		4593626B2349144F00BEC986 /* PinterestCollectionViewLayout.swift in Sources */ = {isa = PBXBuildFile; fileRef = 4593626A2349144F00BEC986 /* PinterestCollectionViewLayout.swift */; };
		4593626F2349165200BEC986 /* PinCollectionViewCell.swift in Sources */ = {isa = PBXBuildFile; fileRef = 4593626D2349165200BEC986 /* PinCollectionViewCell.swift */; };
		459362702349165200BEC986 /* PinCollectionViewCell.xib in Resources */ = {isa = PBXBuildFile; fileRef = 4593626E2349165200BEC986 /* PinCollectionViewCell.xib */; };
		4593627323491E4E00BEC986 /* CustomView.swift in Sources */ = {isa = PBXBuildFile; fileRef = 4593627223491E4E00BEC986 /* CustomView.swift */; };
		45EFD8182349D5BF00F70C0D /* PinListViewModel.swift in Sources */ = {isa = PBXBuildFile; fileRef = 45EFD8172349D5BF00F70C0D /* PinListViewModel.swift */; };
		45EFD81A2349D5E500F70C0D /* Page.swift in Sources */ = {isa = PBXBuildFile; fileRef = 45EFD8192349D5E500F70C0D /* Page.swift */; };
		45EFD81D2349D6A000F70C0D /* CollectionChange.swift in Sources */ = {isa = PBXBuildFile; fileRef = 45EFD81B2349D6A000F70C0D /* CollectionChange.swift */; };
		45EFD8202349E6F800F70C0D /* UICollectionView+CollectionChange.swift in Sources */ = {isa = PBXBuildFile; fileRef = 45EFD81F2349E6F800F70C0D /* UICollectionView+CollectionChange.swift */; };
		45EFD8292349EA6100F70C0D /* CollectionViewLoadingFooter.swift in Sources */ = {isa = PBXBuildFile; fileRef = 45EFD8272349EA6100F70C0D /* CollectionViewLoadingFooter.swift */; };
		45EFD82A2349EA6100F70C0D /* CollectionViewLoadingFooter.xib in Resources */ = {isa = PBXBuildFile; fileRef = 45EFD8282349EA6100F70C0D /* CollectionViewLoadingFooter.xib */; };
		6CD7470F23451B3B005A63A2 /* AppDelegate.swift in Sources */ = {isa = PBXBuildFile; fileRef = 6CD7470E23451B3B005A63A2 /* AppDelegate.swift */; };
		6CD7471623451B40005A63A2 /* Assets.xcassets in Resources */ = {isa = PBXBuildFile; fileRef = 6CD7471523451B40005A63A2 /* Assets.xcassets */; };
		6CD7471923451B40005A63A2 /* LaunchScreen.storyboard in Resources */ = {isa = PBXBuildFile; fileRef = 6CD7471723451B40005A63A2 /* LaunchScreen.storyboard */; };
		CD948EA7B5929EC9507C51AD /* Pods_MDServerImageExample.framework in Frameworks */ = {isa = PBXBuildFile; fileRef = FF18ECC1381D85F43C156A09 /* Pods_MDServerImageExample.framework */; };
/* End PBXBuildFile section */

/* Begin PBXFileReference section */
		452BC6152348885000F8307F /* CategoryModel.swift */ = {isa = PBXFileReference; fileEncoding = 4; lastKnownFileType = sourcecode.swift; path = CategoryModel.swift; sourceTree = "<group>"; };
		452BC6172348885000F8307F /* ProfileImageModel.swift */ = {isa = PBXFileReference; fileEncoding = 4; lastKnownFileType = sourcecode.swift; path = ProfileImageModel.swift; sourceTree = "<group>"; };
		452BC6182348885000F8307F /* User.swift */ = {isa = PBXFileReference; fileEncoding = 4; lastKnownFileType = sourcecode.swift; path = User.swift; sourceTree = "<group>"; };
		452BC6192348885000F8307F /* UrlModel.swift */ = {isa = PBXFileReference; fileEncoding = 4; lastKnownFileType = sourcecode.swift; path = UrlModel.swift; sourceTree = "<group>"; };
		452BC61A2348885000F8307F /* LinkModel.swift */ = {isa = PBXFileReference; fileEncoding = 4; lastKnownFileType = sourcecode.swift; path = LinkModel.swift; sourceTree = "<group>"; };
		452BC6212348899600F8307F /* PinModel.swift */ = {isa = PBXFileReference; lastKnownFileType = sourcecode.swift; path = PinModel.swift; sourceTree = "<group>"; };
		452BC62423488DD600F8307F /* BaseViewController.swift */ = {isa = PBXFileReference; lastKnownFileType = sourcecode.swift; path = BaseViewController.swift; sourceTree = "<group>"; };
		452BC62823488E4200F8307F /* LoadingView.xib */ = {isa = PBXFileReference; fileEncoding = 4; lastKnownFileType = file.xib; path = LoadingView.xib; sourceTree = "<group>"; };
		452BC62923488E4200F8307F /* LoadingView.swift */ = {isa = PBXFileReference; fileEncoding = 4; lastKnownFileType = sourcecode.swift; path = LoadingView.swift; sourceTree = "<group>"; };
		452BC62E23488E7A00F8307F /* StoryboardLoadable.swift */ = {isa = PBXFileReference; fileEncoding = 4; lastKnownFileType = sourcecode.swift; path = StoryboardLoadable.swift; sourceTree = "<group>"; };
		452BC62F23488E7A00F8307F /* Instantiatable.swift */ = {isa = PBXFileReference; fileEncoding = 4; lastKnownFileType = sourcecode.swift; path = Instantiatable.swift; sourceTree = "<group>"; };
		452BC63023488E7A00F8307F /* NibLoadable.swift */ = {isa = PBXFileReference; fileEncoding = 4; lastKnownFileType = sourcecode.swift; path = NibLoadable.swift; sourceTree = "<group>"; };
		452BC63623488F4800F8307F /* Alert.swift */ = {isa = PBXFileReference; fileEncoding = 4; lastKnownFileType = sourcecode.swift; path = Alert.swift; sourceTree = "<group>"; };
		452BC63723488F4800F8307F /* Helpers.swift */ = {isa = PBXFileReference; fileEncoding = 4; lastKnownFileType = sourcecode.swift; path = Helpers.swift; sourceTree = "<group>"; };
		452BC63923488F4800F8307F /* NSObjectExtension.swift */ = {isa = PBXFileReference; fileEncoding = 4; lastKnownFileType = sourcecode.swift; path = NSObjectExtension.swift; sourceTree = "<group>"; };
		452BC63B23488F4800F8307F /* Constant.swift */ = {isa = PBXFileReference; fileEncoding = 4; lastKnownFileType = sourcecode.swift; path = Constant.swift; sourceTree = "<group>"; };
		452BC6422348992F00F8307F /* UIView+Extensions.swift */ = {isa = PBXFileReference; lastKnownFileType = sourcecode.swift; path = "UIView+Extensions.swift"; sourceTree = "<group>"; };
		452BC6442348993F00F8307F /* UICollection+ReuseIdentifier.swift */ = {isa = PBXFileReference; lastKnownFileType = sourcecode.swift; path = "UICollection+ReuseIdentifier.swift"; sourceTree = "<group>"; };
		452BC6462348996100F8307F /* UIImageView+ImageLoader.swift */ = {isa = PBXFileReference; lastKnownFileType = sourcecode.swift; path = "UIImageView+ImageLoader.swift"; sourceTree = "<group>"; };
		452BC64B23489CD000F8307F /* PinDashboardVC.swift */ = {isa = PBXFileReference; lastKnownFileType = sourcecode.swift; path = PinDashboardVC.swift; sourceTree = "<group>"; };
		452BC64D23489CDC00F8307F /* PinDashboard.storyboard */ = {isa = PBXFileReference; lastKnownFileType = file.storyboard; path = PinDashboard.storyboard; sourceTree = "<group>"; };
		459362632349021100BEC986 /* NetworkManager.swift */ = {isa = PBXFileReference; lastKnownFileType = sourcecode.swift; path = NetworkManager.swift; sourceTree = "<group>"; };
		45936265234903A800BEC986 /* PinDashboardViewModel.swift */ = {isa = PBXFileReference; lastKnownFileType = sourcecode.swift; path = PinDashboardViewModel.swift; sourceTree = "<group>"; };
		459362682349051000BEC986 /* NetworkError.swift */ = {isa = PBXFileReference; fileEncoding = 4; lastKnownFileType = sourcecode.swift; path = NetworkError.swift; sourceTree = "<group>"; };
		4593626A2349144F00BEC986 /* PinterestCollectionViewLayout.swift */ = {isa = PBXFileReference; lastKnownFileType = sourcecode.swift; path = PinterestCollectionViewLayout.swift; sourceTree = "<group>"; };
		4593626D2349165200BEC986 /* PinCollectionViewCell.swift */ = {isa = PBXFileReference; lastKnownFileType = sourcecode.swift; path = PinCollectionViewCell.swift; sourceTree = "<group>"; };
		4593626E2349165200BEC986 /* PinCollectionViewCell.xib */ = {isa = PBXFileReference; lastKnownFileType = file.xib; path = PinCollectionViewCell.xib; sourceTree = "<group>"; };
		4593627223491E4E00BEC986 /* CustomView.swift */ = {isa = PBXFileReference; lastKnownFileType = sourcecode.swift; path = CustomView.swift; sourceTree = "<group>"; };
		45EFD8172349D5BF00F70C0D /* PinListViewModel.swift */ = {isa = PBXFileReference; lastKnownFileType = sourcecode.swift; path = PinListViewModel.swift; sourceTree = "<group>"; };
		45EFD8192349D5E500F70C0D /* Page.swift */ = {isa = PBXFileReference; lastKnownFileType = sourcecode.swift; path = Page.swift; sourceTree = "<group>"; };
		45EFD81B2349D6A000F70C0D /* CollectionChange.swift */ = {isa = PBXFileReference; fileEncoding = 4; lastKnownFileType = sourcecode.swift; path = CollectionChange.swift; sourceTree = "<group>"; };
		45EFD81F2349E6F800F70C0D /* UICollectionView+CollectionChange.swift */ = {isa = PBXFileReference; lastKnownFileType = sourcecode.swift; path = "UICollectionView+CollectionChange.swift"; sourceTree = "<group>"; };
		45EFD8272349EA6100F70C0D /* CollectionViewLoadingFooter.swift */ = {isa = PBXFileReference; lastKnownFileType = sourcecode.swift; path = CollectionViewLoadingFooter.swift; sourceTree = "<group>"; };
		45EFD8282349EA6100F70C0D /* CollectionViewLoadingFooter.xib */ = {isa = PBXFileReference; lastKnownFileType = file.xib; path = CollectionViewLoadingFooter.xib; sourceTree = "<group>"; };
		6CD7470B23451B3B005A63A2 /* MDServerImageExample.app */ = {isa = PBXFileReference; explicitFileType = wrapper.application; includeInIndex = 0; path = MDServerImageExample.app; sourceTree = BUILT_PRODUCTS_DIR; };
		6CD7470E23451B3B005A63A2 /* AppDelegate.swift */ = {isa = PBXFileReference; lastKnownFileType = sourcecode.swift; path = AppDelegate.swift; sourceTree = "<group>"; };
		6CD7471523451B40005A63A2 /* Assets.xcassets */ = {isa = PBXFileReference; lastKnownFileType = folder.assetcatalog; path = Assets.xcassets; sourceTree = "<group>"; };
		6CD7471823451B40005A63A2 /* Base */ = {isa = PBXFileReference; lastKnownFileType = file.storyboard; name = Base; path = Base.lproj/LaunchScreen.storyboard; sourceTree = "<group>"; };
		6CD7471A23451B40005A63A2 /* Info.plist */ = {isa = PBXFileReference; lastKnownFileType = text.plist.xml; path = Info.plist; sourceTree = "<group>"; };
		EC91A145ED42CDE7C941446E /* Pods-MDServerImageExample.release.xcconfig */ = {isa = PBXFileReference; includeInIndex = 1; lastKnownFileType = text.xcconfig; name = "Pods-MDServerImageExample.release.xcconfig"; path = "Target Support Files/Pods-MDServerImageExample/Pods-MDServerImageExample.release.xcconfig"; sourceTree = "<group>"; };
		F3C3124461C4EE90FB95ECDD /* Pods-MDServerImageExample.debug.xcconfig */ = {isa = PBXFileReference; includeInIndex = 1; lastKnownFileType = text.xcconfig; name = "Pods-MDServerImageExample.debug.xcconfig"; path = "Target Support Files/Pods-MDServerImageExample/Pods-MDServerImageExample.debug.xcconfig"; sourceTree = "<group>"; };
		FF18ECC1381D85F43C156A09 /* Pods_MDServerImageExample.framework */ = {isa = PBXFileReference; explicitFileType = wrapper.framework; includeInIndex = 0; path = Pods_MDServerImageExample.framework; sourceTree = BUILT_PRODUCTS_DIR; };
/* End PBXFileReference section */

/* Begin PBXFrameworksBuildPhase section */
		6CD7470823451B3B005A63A2 /* Frameworks */ = {
			isa = PBXFrameworksBuildPhase;
			buildActionMask = 2147483647;
			files = (
				CD948EA7B5929EC9507C51AD /* Pods_MDServerImageExample.framework in Frameworks */,
			);
			runOnlyForDeploymentPostprocessing = 0;
		};
/* End PBXFrameworksBuildPhase section */

/* Begin PBXGroup section */
		13CAB656023F35F1627C7F67 /* Frameworks */ = {
			isa = PBXGroup;
			children = (
				FF18ECC1381D85F43C156A09 /* Pods_MDServerImageExample.framework */,
			);
			name = Frameworks;
			sourceTree = "<group>";
		};
		452BC6132348881D00F8307F /* AppDelegate */ = {
			isa = PBXGroup;
			children = (
				6CD7470E23451B3B005A63A2 /* AppDelegate.swift */,
			);
			path = AppDelegate;
			sourceTree = "<group>";
		};
		452BC6142348882F00F8307F /* Models */ = {
			isa = PBXGroup;
			children = (
				452BC6212348899600F8307F /* PinModel.swift */,
				452BC6152348885000F8307F /* CategoryModel.swift */,
				452BC6182348885000F8307F /* User.swift */,
				452BC6172348885000F8307F /* ProfileImageModel.swift */,
				452BC61A2348885000F8307F /* LinkModel.swift */,
				452BC6192348885000F8307F /* UrlModel.swift */,
				45EFD8192349D5E500F70C0D /* Page.swift */,
			);
			path = Models;
			sourceTree = "<group>";
		};
		452BC62323488DC500F8307F /* BaseClasses */ = {
			isa = PBXGroup;
			children = (
				452BC62423488DD600F8307F /* BaseViewController.swift */,
			);
			path = BaseClasses;
			sourceTree = "<group>";
		};
		452BC62623488DF900F8307F /* Views */ = {
			isa = PBXGroup;
			children = (
				45EFD8262349EA3A00F70C0D /* UICollectionViewLoadingFooter */,
				4593627123491E3600BEC986 /* UIComponants */,
				452BC62723488E4200F8307F /* LoadingView */,
				4593626A2349144F00BEC986 /* PinterestCollectionViewLayout.swift */,
			);
			path = Views;
			sourceTree = "<group>";
		};
		452BC62723488E4200F8307F /* LoadingView */ = {
			isa = PBXGroup;
			children = (
				452BC62923488E4200F8307F /* LoadingView.swift */,
				452BC62823488E4200F8307F /* LoadingView.xib */,
			);
			path = LoadingView;
			sourceTree = "<group>";
		};
		452BC62C23488E7A00F8307F /* Protocols */ = {
			isa = PBXGroup;
			children = (
				452BC62D23488E7A00F8307F /* ViewLoaders */,
			);
			path = Protocols;
			sourceTree = "<group>";
		};
		452BC62D23488E7A00F8307F /* ViewLoaders */ = {
			isa = PBXGroup;
			children = (
				452BC62E23488E7A00F8307F /* StoryboardLoadable.swift */,
				452BC62F23488E7A00F8307F /* Instantiatable.swift */,
				452BC63023488E7A00F8307F /* NibLoadable.swift */,
			);
			path = ViewLoaders;
			sourceTree = "<group>";
		};
		452BC63423488EFB00F8307F /* Utilities */ = {
			isa = PBXGroup;
			children = (
				452BC63823488F4800F8307F /* Common */,
				452BC63A23488F4800F8307F /* Constants */,
				452BC63523488F4800F8307F /* Helper */,
			);
			path = Utilities;
			sourceTree = "<group>";
		};
		452BC63523488F4800F8307F /* Helper */ = {
			isa = PBXGroup;
			children = (
				45EFD81B2349D6A000F70C0D /* CollectionChange.swift */,
				452BC63623488F4800F8307F /* Alert.swift */,
				452BC63723488F4800F8307F /* Helpers.swift */,
			);
			path = Helper;
			sourceTree = "<group>";
		};
		452BC63823488F4800F8307F /* Common */ = {
			isa = PBXGroup;
			children = (
				452BC63923488F4800F8307F /* NSObjectExtension.swift */,
			);
			path = Common;
			sourceTree = "<group>";
		};
		452BC63A23488F4800F8307F /* Constants */ = {
			isa = PBXGroup;
			children = (
				452BC63B23488F4800F8307F /* Constant.swift */,
			);
			path = Constants;
			sourceTree = "<group>";
		};
		452BC6402348991400F8307F /* Extensions */ = {
			isa = PBXGroup;
			children = (
				452BC6412348992000F8307F /* UI */,
			);
			path = Extensions;
			sourceTree = "<group>";
		};
		452BC6412348992000F8307F /* UI */ = {
			isa = PBXGroup;
			children = (
				452BC6422348992F00F8307F /* UIView+Extensions.swift */,
				452BC6442348993F00F8307F /* UICollection+ReuseIdentifier.swift */,
				452BC6462348996100F8307F /* UIImageView+ImageLoader.swift */,
				45EFD81F2349E6F800F70C0D /* UICollectionView+CollectionChange.swift */,
			);
			path = UI;
			sourceTree = "<group>";
		};
		452BC64823489C3100F8307F /* Resources */ = {
			isa = PBXGroup;
			children = (
				6CD7471523451B40005A63A2 /* Assets.xcassets */,
				6CD7471723451B40005A63A2 /* LaunchScreen.storyboard */,
				6CD7471A23451B40005A63A2 /* Info.plist */,
			);
			path = Resources;
			sourceTree = "<group>";
		};
		452BC64923489C9400F8307F /* Scene */ = {
			isa = PBXGroup;
			children = (
				452BC64A23489C9F00F8307F /* PinDashboard */,
			);
			path = Scene;
			sourceTree = "<group>";
		};
		452BC64A23489C9F00F8307F /* PinDashboard */ = {
			isa = PBXGroup;
			children = (
				4593626C2349163200BEC986 /* PinCollectionViewCell */,
				452BC64B23489CD000F8307F /* PinDashboardVC.swift */,
				452BC64D23489CDC00F8307F /* PinDashboard.storyboard */,
			);
			path = PinDashboard;
			sourceTree = "<group>";
		};
		452BC65223489F5800F8307F /* Networking */ = {
			isa = PBXGroup;
			children = (
				459362682349051000BEC986 /* NetworkError.swift */,
				459362632349021100BEC986 /* NetworkManager.swift */,
			);
			path = Networking;
			sourceTree = "<group>";
		};
		45936267234903C100BEC986 /* ViewModel */ = {
			isa = PBXGroup;
			children = (
				45936265234903A800BEC986 /* PinDashboardViewModel.swift */,
				45EFD8172349D5BF00F70C0D /* PinListViewModel.swift */,
			);
			path = ViewModel;
			sourceTree = "<group>";
		};
		4593626C2349163200BEC986 /* PinCollectionViewCell */ = {
			isa = PBXGroup;
			children = (
				4593626D2349165200BEC986 /* PinCollectionViewCell.swift */,
				4593626E2349165200BEC986 /* PinCollectionViewCell.xib */,
			);
			path = PinCollectionViewCell;
			sourceTree = "<group>";
		};
		4593627123491E3600BEC986 /* UIComponants */ = {
			isa = PBXGroup;
			children = (
				4593627223491E4E00BEC986 /* CustomView.swift */,
			);
			path = UIComponants;
			sourceTree = "<group>";
		};
		45EFD8262349EA3A00F70C0D /* UICollectionViewLoadingFooter */ = {
			isa = PBXGroup;
			children = (
				45EFD8272349EA6100F70C0D /* CollectionViewLoadingFooter.swift */,
				45EFD8282349EA6100F70C0D /* CollectionViewLoadingFooter.xib */,
			);
			path = UICollectionViewLoadingFooter;
			sourceTree = "<group>";
		};
		557685C6F0C4E2A860C421DC /* Pods */ = {
			isa = PBXGroup;
			children = (
				F3C3124461C4EE90FB95ECDD /* Pods-MDServerImageExample.debug.xcconfig */,
				EC91A145ED42CDE7C941446E /* Pods-MDServerImageExample.release.xcconfig */,
			);
			path = Pods;
			sourceTree = "<group>";
		};
		6CD7470223451B3B005A63A2 = {
			isa = PBXGroup;
			children = (
				6CD7470D23451B3B005A63A2 /* MDServerImageExample */,
				6CD7470C23451B3B005A63A2 /* Products */,
				557685C6F0C4E2A860C421DC /* Pods */,
				13CAB656023F35F1627C7F67 /* Frameworks */,
			);
			sourceTree = "<group>";
		};
		6CD7470C23451B3B005A63A2 /* Products */ = {
			isa = PBXGroup;
			children = (
				6CD7470B23451B3B005A63A2 /* MDServerImageExample.app */,
			);
			name = Products;
			sourceTree = "<group>";
		};
		6CD7470D23451B3B005A63A2 /* MDServerImageExample */ = {
			isa = PBXGroup;
			children = (
				452BC6132348881D00F8307F /* AppDelegate */,
				452BC6142348882F00F8307F /* Models */,
				452BC65223489F5800F8307F /* Networking */,
				452BC62323488DC500F8307F /* BaseClasses */,
				452BC64923489C9400F8307F /* Scene */,
				45936267234903C100BEC986 /* ViewModel */,
				452BC62623488DF900F8307F /* Views */,
				452BC62C23488E7A00F8307F /* Protocols */,
				452BC63423488EFB00F8307F /* Utilities */,
				452BC6402348991400F8307F /* Extensions */,
				452BC64823489C3100F8307F /* Resources */,
			);
			path = MDServerImageExample;
			sourceTree = "<group>";
		};
/* End PBXGroup section */

/* Begin PBXNativeTarget section */
		6CD7470A23451B3B005A63A2 /* MDServerImageExample */ = {
			isa = PBXNativeTarget;
			buildConfigurationList = 6CD7471D23451B40005A63A2 /* Build configuration list for PBXNativeTarget "MDServerImageExample" */;
			buildPhases = (
				B490C9DF3D11F0D6A8C006B8 /* [CP] Check Pods Manifest.lock */,
				6CD7470723451B3B005A63A2 /* Sources */,
				6CD7470823451B3B005A63A2 /* Frameworks */,
				6CD7470923451B3B005A63A2 /* Resources */,
				8DE01C8D98F43E119EB04911 /* [CP] Embed Pods Frameworks */,
			);
			buildRules = (
			);
			dependencies = (
			);
			name = MDServerImageExample;
			productName = MDServerImageExample;
			productReference = 6CD7470B23451B3B005A63A2 /* MDServerImageExample.app */;
			productType = "com.apple.product-type.application";
		};
/* End PBXNativeTarget section */

/* Begin PBXProject section */
		6CD7470323451B3B005A63A2 /* Project object */ = {
			isa = PBXProject;
			attributes = {
				LastSwiftUpdateCheck = 1020;
				LastUpgradeCheck = 1020;
				ORGANIZATIONNAME = sb;
				TargetAttributes = {
					6CD7470A23451B3B005A63A2 = {
						CreatedOnToolsVersion = 10.2.1;
					};
				};
			};
			buildConfigurationList = 6CD7470623451B3B005A63A2 /* Build configuration list for PBXProject "MDServerImageExample" */;
			compatibilityVersion = "Xcode 9.3";
			developmentRegion = en;
			hasScannedForEncodings = 0;
			knownRegions = (
				en,
				Base,
			);
			mainGroup = 6CD7470223451B3B005A63A2;
			productRefGroup = 6CD7470C23451B3B005A63A2 /* Products */;
			projectDirPath = "";
			projectRoot = "";
			targets = (
				6CD7470A23451B3B005A63A2 /* MDServerImageExample */,
			);
		};
/* End PBXProject section */

/* Begin PBXResourcesBuildPhase section */
		6CD7470923451B3B005A63A2 /* Resources */ = {
			isa = PBXResourcesBuildPhase;
			buildActionMask = 2147483647;
			files = (
				459362702349165200BEC986 /* PinCollectionViewCell.xib in Resources */,
				6CD7471923451B40005A63A2 /* LaunchScreen.storyboard in Resources */,
				452BC64E23489CDC00F8307F /* PinDashboard.storyboard in Resources */,
				452BC62A23488E4200F8307F /* LoadingView.xib in Resources */,
				45EFD82A2349EA6100F70C0D /* CollectionViewLoadingFooter.xib in Resources */,
				6CD7471623451B40005A63A2 /* Assets.xcassets in Resources */,
			);
			runOnlyForDeploymentPostprocessing = 0;
		};
/* End PBXResourcesBuildPhase section */

/* Begin PBXShellScriptBuildPhase section */
		8DE01C8D98F43E119EB04911 /* [CP] Embed Pods Frameworks */ = {
			isa = PBXShellScriptBuildPhase;
			buildActionMask = 2147483647;
			files = (
			);
			inputFileListPaths = (
			);
			inputPaths = (
				"${PODS_ROOT}/Target Support Files/Pods-MDServerImageExample/Pods-MDServerImageExample-frameworks.sh",
				"${BUILT_PRODUCTS_DIR}/MDServerImage/MDServerImage.framework",
			);
			name = "[CP] Embed Pods Frameworks";
			outputFileListPaths = (
			);
			outputPaths = (
				"${TARGET_BUILD_DIR}/${FRAMEWORKS_FOLDER_PATH}/MDServerImage.framework",
			);
			runOnlyForDeploymentPostprocessing = 0;
			shellPath = /bin/sh;
			shellScript = "\"${PODS_ROOT}/Target Support Files/Pods-MDServerImageExample/Pods-MDServerImageExample-frameworks.sh\"\n";
			showEnvVarsInLog = 0;
		};
		B490C9DF3D11F0D6A8C006B8 /* [CP] Check Pods Manifest.lock */ = {
			isa = PBXShellScriptBuildPhase;
			buildActionMask = 2147483647;
			files = (
			);
			inputFileListPaths = (
			);
			inputPaths = (
				"${PODS_PODFILE_DIR_PATH}/Podfile.lock",
				"${PODS_ROOT}/Manifest.lock",
			);
			name = "[CP] Check Pods Manifest.lock";
			outputFileListPaths = (
			);
			outputPaths = (
				"$(DERIVED_FILE_DIR)/Pods-MDServerImageExample-checkManifestLockResult.txt",
			);
			runOnlyForDeploymentPostprocessing = 0;
			shellPath = /bin/sh;
			shellScript = "diff \"${PODS_PODFILE_DIR_PATH}/Podfile.lock\" \"${PODS_ROOT}/Manifest.lock\" > /dev/null\nif [ $? != 0 ] ; then\n    # print error to STDERR\n    echo \"error: The sandbox is not in sync with the Podfile.lock. Run 'pod install' or update your CocoaPods installation.\" >&2\n    exit 1\nfi\n# This output is used by Xcode 'outputs' to avoid re-running this script phase.\necho \"SUCCESS\" > \"${SCRIPT_OUTPUT_FILE_0}\"\n";
			showEnvVarsInLog = 0;
		};
/* End PBXShellScriptBuildPhase section */

/* Begin PBXSourcesBuildPhase section */
		6CD7470723451B3B005A63A2 /* Sources */ = {
			isa = PBXSourcesBuildPhase;
			buildActionMask = 2147483647;
			files = (
				6CD7470F23451B3B005A63A2 /* AppDelegate.swift in Sources */,
				45EFD81D2349D6A000F70C0D /* CollectionChange.swift in Sources */,
				452BC63E23488F4800F8307F /* NSObjectExtension.swift in Sources */,
				459362692349051000BEC986 /* NetworkError.swift in Sources */,
				452BC63D23488F4800F8307F /* Helpers.swift in Sources */,
				459362642349021100BEC986 /* NetworkManager.swift in Sources */,
				452BC6472348996100F8307F /* UIImageView+ImageLoader.swift in Sources */,
				452BC63F23488F4800F8307F /* Constant.swift in Sources */,
				452BC6222348899600F8307F /* PinModel.swift in Sources */,
				452BC6452348993F00F8307F /* UICollection+ReuseIdentifier.swift in Sources */,
				452BC61D2348885000F8307F /* ProfileImageModel.swift in Sources */,
				45EFD8202349E6F800F70C0D /* UICollectionView+CollectionChange.swift in Sources */,
				45936266234903A800BEC986 /* PinDashboardViewModel.swift in Sources */,
				452BC6432348992F00F8307F /* UIView+Extensions.swift in Sources */,
				4593626B2349144F00BEC986 /* PinterestCollectionViewLayout.swift in Sources */,
				452BC61B2348885000F8307F /* CategoryModel.swift in Sources */,
				45EFD8292349EA6100F70C0D /* CollectionViewLoadingFooter.swift in Sources */,
				452BC61F2348885000F8307F /* UrlModel.swift in Sources */,
				452BC64C23489CD000F8307F /* PinDashboardVC.swift in Sources */,
				452BC63C23488F4800F8307F /* Alert.swift in Sources */,
				452BC62523488DD600F8307F /* BaseViewController.swift in Sources */,
				45EFD81A2349D5E500F70C0D /* Page.swift in Sources */,
				4593626F2349165200BEC986 /* PinCollectionViewCell.swift in Sources */,
				4593627323491E4E00BEC986 /* CustomView.swift in Sources */,
				452BC63123488E7A00F8307F /* StoryboardLoadable.swift in Sources */,
				45EFD8182349D5BF00F70C0D /* PinListViewModel.swift in Sources */,
				452BC63223488E7A00F8307F /* Instantiatable.swift in Sources */,
				452BC6202348885000F8307F /* LinkModel.swift in Sources */,
				452BC63323488E7A00F8307F /* NibLoadable.swift in Sources */,
				452BC61E2348885000F8307F /* User.swift in Sources */,
				452BC62B23488E4200F8307F /* LoadingView.swift in Sources */,
			);
			runOnlyForDeploymentPostprocessing = 0;
		};
/* End PBXSourcesBuildPhase section */

/* Begin PBXVariantGroup section */
		6CD7471723451B40005A63A2 /* LaunchScreen.storyboard */ = {
			isa = PBXVariantGroup;
			children = (
				6CD7471823451B40005A63A2 /* Base */,
			);
			name = LaunchScreen.storyboard;
			sourceTree = "<group>";
		};
/* End PBXVariantGroup section */

/* Begin XCBuildConfiguration section */
		6CD7471B23451B40005A63A2 /* Debug */ = {
			isa = XCBuildConfiguration;
			buildSettings = {
				ALWAYS_SEARCH_USER_PATHS = NO;
				CLANG_ANALYZER_NONNULL = YES;
				CLANG_ANALYZER_NUMBER_OBJECT_CONVERSION = YES_AGGRESSIVE;
				CLANG_CXX_LANGUAGE_STANDARD = "gnu++14";
				CLANG_CXX_LIBRARY = "libc++";
				CLANG_ENABLE_MODULES = YES;
				CLANG_ENABLE_OBJC_ARC = YES;
				CLANG_ENABLE_OBJC_WEAK = YES;
				CLANG_WARN_BLOCK_CAPTURE_AUTORELEASING = YES;
				CLANG_WARN_BOOL_CONVERSION = YES;
				CLANG_WARN_COMMA = YES;
				CLANG_WARN_CONSTANT_CONVERSION = YES;
				CLANG_WARN_DEPRECATED_OBJC_IMPLEMENTATIONS = YES;
				CLANG_WARN_DIRECT_OBJC_ISA_USAGE = YES_ERROR;
				CLANG_WARN_DOCUMENTATION_COMMENTS = YES;
				CLANG_WARN_EMPTY_BODY = YES;
				CLANG_WARN_ENUM_CONVERSION = YES;
				CLANG_WARN_INFINITE_RECURSION = YES;
				CLANG_WARN_INT_CONVERSION = YES;
				CLANG_WARN_NON_LITERAL_NULL_CONVERSION = YES;
				CLANG_WARN_OBJC_IMPLICIT_RETAIN_SELF = YES;
				CLANG_WARN_OBJC_LITERAL_CONVERSION = YES;
				CLANG_WARN_OBJC_ROOT_CLASS = YES_ERROR;
				CLANG_WARN_RANGE_LOOP_ANALYSIS = YES;
				CLANG_WARN_STRICT_PROTOTYPES = YES;
				CLANG_WARN_SUSPICIOUS_MOVE = YES;
				CLANG_WARN_UNGUARDED_AVAILABILITY = YES_AGGRESSIVE;
				CLANG_WARN_UNREACHABLE_CODE = YES;
				CLANG_WARN__DUPLICATE_METHOD_MATCH = YES;
				CODE_SIGN_IDENTITY = "iPhone Developer";
				COPY_PHASE_STRIP = NO;
				DEBUG_INFORMATION_FORMAT = dwarf;
				ENABLE_STRICT_OBJC_MSGSEND = YES;
				ENABLE_TESTABILITY = YES;
				GCC_C_LANGUAGE_STANDARD = gnu11;
				GCC_DYNAMIC_NO_PIC = NO;
				GCC_NO_COMMON_BLOCKS = YES;
				GCC_OPTIMIZATION_LEVEL = 0;
				GCC_PREPROCESSOR_DEFINITIONS = (
					"DEBUG=1",
					"$(inherited)",
				);
				GCC_WARN_64_TO_32_BIT_CONVERSION = YES;
				GCC_WARN_ABOUT_RETURN_TYPE = YES_ERROR;
				GCC_WARN_UNDECLARED_SELECTOR = YES;
				GCC_WARN_UNINITIALIZED_AUTOS = YES_AGGRESSIVE;
				GCC_WARN_UNUSED_FUNCTION = YES;
				GCC_WARN_UNUSED_VARIABLE = YES;
				IPHONEOS_DEPLOYMENT_TARGET = 12.2;
				MTL_ENABLE_DEBUG_INFO = INCLUDE_SOURCE;
				MTL_FAST_MATH = YES;
				ONLY_ACTIVE_ARCH = YES;
				SDKROOT = iphoneos;
				SWIFT_ACTIVE_COMPILATION_CONDITIONS = DEBUG;
				SWIFT_OPTIMIZATION_LEVEL = "-Onone";
			};
			name = Debug;
		};
		6CD7471C23451B40005A63A2 /* Release */ = {
			isa = XCBuildConfiguration;
			buildSettings = {
				ALWAYS_SEARCH_USER_PATHS = NO;
				CLANG_ANALYZER_NONNULL = YES;
				CLANG_ANALYZER_NUMBER_OBJECT_CONVERSION = YES_AGGRESSIVE;
				CLANG_CXX_LANGUAGE_STANDARD = "gnu++14";
				CLANG_CXX_LIBRARY = "libc++";
				CLANG_ENABLE_MODULES = YES;
				CLANG_ENABLE_OBJC_ARC = YES;
				CLANG_ENABLE_OBJC_WEAK = YES;
				CLANG_WARN_BLOCK_CAPTURE_AUTORELEASING = YES;
				CLANG_WARN_BOOL_CONVERSION = YES;
				CLANG_WARN_COMMA = YES;
				CLANG_WARN_CONSTANT_CONVERSION = YES;
				CLANG_WARN_DEPRECATED_OBJC_IMPLEMENTATIONS = YES;
				CLANG_WARN_DIRECT_OBJC_ISA_USAGE = YES_ERROR;
				CLANG_WARN_DOCUMENTATION_COMMENTS = YES;
				CLANG_WARN_EMPTY_BODY = YES;
				CLANG_WARN_ENUM_CONVERSION = YES;
				CLANG_WARN_INFINITE_RECURSION = YES;
				CLANG_WARN_INT_CONVERSION = YES;
				CLANG_WARN_NON_LITERAL_NULL_CONVERSION = YES;
				CLANG_WARN_OBJC_IMPLICIT_RETAIN_SELF = YES;
				CLANG_WARN_OBJC_LITERAL_CONVERSION = YES;
				CLANG_WARN_OBJC_ROOT_CLASS = YES_ERROR;
				CLANG_WARN_RANGE_LOOP_ANALYSIS = YES;
				CLANG_WARN_STRICT_PROTOTYPES = YES;
				CLANG_WARN_SUSPICIOUS_MOVE = YES;
				CLANG_WARN_UNGUARDED_AVAILABILITY = YES_AGGRESSIVE;
				CLANG_WARN_UNREACHABLE_CODE = YES;
				CLANG_WARN__DUPLICATE_METHOD_MATCH = YES;
				CODE_SIGN_IDENTITY = "iPhone Developer";
				COPY_PHASE_STRIP = NO;
				DEBUG_INFORMATION_FORMAT = "dwarf-with-dsym";
				ENABLE_NS_ASSERTIONS = NO;
				ENABLE_STRICT_OBJC_MSGSEND = YES;
				GCC_C_LANGUAGE_STANDARD = gnu11;
				GCC_NO_COMMON_BLOCKS = YES;
				GCC_WARN_64_TO_32_BIT_CONVERSION = YES;
				GCC_WARN_ABOUT_RETURN_TYPE = YES_ERROR;
				GCC_WARN_UNDECLARED_SELECTOR = YES;
				GCC_WARN_UNINITIALIZED_AUTOS = YES_AGGRESSIVE;
				GCC_WARN_UNUSED_FUNCTION = YES;
				GCC_WARN_UNUSED_VARIABLE = YES;
				IPHONEOS_DEPLOYMENT_TARGET = 12.2;
				MTL_ENABLE_DEBUG_INFO = NO;
				MTL_FAST_MATH = YES;
				SDKROOT = iphoneos;
				SWIFT_COMPILATION_MODE = wholemodule;
				SWIFT_OPTIMIZATION_LEVEL = "-O";
				VALIDATE_PRODUCT = YES;
			};
			name = Release;
		};
		6CD7471E23451B40005A63A2 /* Debug */ = {
			isa = XCBuildConfiguration;
			baseConfigurationReference = F3C3124461C4EE90FB95ECDD /* Pods-MDServerImageExample.debug.xcconfig */;
			buildSettings = {
				ASSETCATALOG_COMPILER_APPICON_NAME = AppIcon;
				CODE_SIGN_STYLE = Automatic;
				DEVELOPMENT_TEAM = 9E5FQU42R9;
				GCC_OPTIMIZATION_LEVEL = 0;
				INFOPLIST_FILE = "$(SRCROOT)/MDServerImageExample/Resources/Info.plist";
				IPHONEOS_DEPLOYMENT_TARGET = 10.0;
				LD_RUNPATH_SEARCH_PATHS = (
					"$(inherited)",
					"@executable_path/Frameworks",
				);
				PRODUCT_BUNDLE_IDENTIFIER = com.MDServerImageExample;
				PRODUCT_NAME = "$(TARGET_NAME)";
				SWIFT_VERSION = 5.0;
				TARGETED_DEVICE_FAMILY = "1,2";
			};
			name = Debug;
		};
		6CD7471F23451B40005A63A2 /* Release */ = {
			isa = XCBuildConfiguration;
			baseConfigurationReference = EC91A145ED42CDE7C941446E /* Pods-MDServerImageExample.release.xcconfig */;
			buildSettings = {
				ASSETCATALOG_COMPILER_APPICON_NAME = AppIcon;
				CODE_SIGN_STYLE = Automatic;
				DEVELOPMENT_TEAM = 9E5FQU42R9;
				GCC_OPTIMIZATION_LEVEL = 0;
				INFOPLIST_FILE = "$(SRCROOT)/MDServerImageExample/Resources/Info.plist";
				IPHONEOS_DEPLOYMENT_TARGET = 10.0;
				LD_RUNPATH_SEARCH_PATHS = (
					"$(inherited)",
					"@executable_path/Frameworks",
				);
				PRODUCT_BUNDLE_IDENTIFIER = com.MDServerImageExample;
				PRODUCT_NAME = "$(TARGET_NAME)";
				SWIFT_VERSION = 5.0;
				TARGETED_DEVICE_FAMILY = "1,2";
			};
			name = Release;
		};
/* End XCBuildConfiguration section */

/* Begin XCConfigurationList section */
		6CD7470623451B3B005A63A2 /* Build configuration list for PBXProject "MDServerImageExample" */ = {
			isa = XCConfigurationList;
			buildConfigurations = (
				6CD7471B23451B40005A63A2 /* Debug */,
				6CD7471C23451B40005A63A2 /* Release */,
			);
			defaultConfigurationIsVisible = 0;
			defaultConfigurationName = Release;
		};
		6CD7471D23451B40005A63A2 /* Build configuration list for PBXNativeTarget "MDServerImageExample" */ = {
			isa = XCConfigurationList;
			buildConfigurations = (
				6CD7471E23451B40005A63A2 /* Debug */,
				6CD7471F23451B40005A63A2 /* Release */,
			);
			defaultConfigurationIsVisible = 0;
			defaultConfigurationName = Release;
		};
/* End XCConfigurationList section */
	};
	rootObject = 6CD7470323451B3B005A63A2 /* Project object */;
}
